
Microsoft Visual Studio Solution File, Format Version 12.00
# Visual Studio Version 16
VisualStudioVersion = 16.0.31829.152
MinimumVisualStudioVersion = 10.0.40219.1
Project("{FAE04EC0-301F-11D3-BF4B-00C04F79EFBC}") = "MvcClientes", "MvcClientes.csproj", "{49AEB984-7381-4810-A3E4-F3C5240DC333}"
EndProject
Global
	GlobalSection(SolutionConfigurationPlatforms) = preSolution
		Debug|Any CPU = Debug|Any CPU
		Release|Any CPU = Release|Any CPU
	EndGlobalSection
	GlobalSection(ProjectConfigurationPlatforms) = postSolution
		{49AEB984-7381-4810-A3E4-F3C5240DC333}.Debug|Any CPU.ActiveCfg = Debug|Any CPU
		{49AEB984-7381-4810-A3E4-F3C5240DC333}.Debug|Any CPU.Build.0 = Debug|Any CPU
		{49AEB984-7381-4810-A3E4-F3C5240DC333}.Release|Any CPU.ActiveCfg = Release|Any CPU
		{49AEB984-7381-4810-A3E4-F3C5240DC333}.Release|Any CPU.Build.0 = Release|Any CPU
	EndGlobalSection
	GlobalSection(SolutionProperties) = preSolution
		HideSolutionNode = FALSE
	EndGlobalSection
	GlobalSection(ExtensibilityGlobals) = postSolution
		SolutionGuid = {90FD7645-4624-4D82-9353-49BA9997BFC3}
	EndGlobalSection
EndGlobal
